
Microsoft Visual Studio Solution File, Format Version 12.00
# Visual Studio Version 17
VisualStudioVersion = 17.3.32929.385
MinimumVisualStudioVersion = 10.0.40219.1
Project("{FAE04EC0-301F-11D3-BF4B-00C04F79EFBC}") = "LeaveManagement.Web", "LeaveManagement.Web\LeaveManagement.Web.csproj", "{2E3347B8-7DC9-4403-B50E-A7395B0518F0}"
EndProject
Global
	GlobalSection(SolutionConfigurationPlatforms) = preSolution
		Debug|Any CPU = Debug|Any CPU
		Release|Any CPU = Release|Any CPU
	EndGlobalSection
	GlobalSection(ProjectConfigurationPlatforms) = postSolution
		{2E3347B8-7DC9-4403-B50E-A7395B0518F0}.Debug|Any CPU.ActiveCfg = Debug|Any CPU
		{2E3347B8-7DC9-4403-B50E-A7395B0518F0}.Debug|Any CPU.Build.0 = Debug|Any CPU
		{2E3347B8-7DC9-4403-B50E-A7395B0518F0}.Release|Any CPU.ActiveCfg = Release|Any CPU
		{2E3347B8-7DC9-4403-B50E-A7395B0518F0}.Release|Any CPU.Build.0 = Release|Any CPU
	EndGlobalSection
	GlobalSection(SolutionProperties) = preSolution
		HideSolutionNode = FALSE
	EndGlobalSection
	GlobalSection(ExtensibilityGlobals) = postSolution
		SolutionGuid = {550A9FC9-AB4D-4296-81F4-7B0ED287E0EB}
	EndGlobalSection
EndGlobal
